// !$*UTF8*$!
{
	archiveVersion = 1;
	classes = {
	};
	objectVersion = 46;
	objects = {

/* Begin PBXBuildFile section */
		798FE41F1DD7F54F00FF9D06 /* main.swift in Sources */ = {isa = PBXBuildFile; fileRef = 798FE41E1DD7F54F00FF9D06 /* main.swift */; };
		798FE42C1DD9CFEB00FF9D06 /* song.swift in Sources */ = {isa = PBXBuildFile; fileRef = 798FE42B1DD9CFEB00FF9D06 /* song.swift */; };
		798FE4301DDA213500FF9D06 /* main.swift in Sources */ = {isa = PBXBuildFile; fileRef = 798FE42F1DDA213500FF9D06 /* main.swift */; };
		798FE4321DDA214600FF9D06 /* playlist.swift in Sources */ = {isa = PBXBuildFile; fileRef = 798FE4311DDA214600FF9D06 /* playlist.swift */; };
		798FE4341DDB67F400FF9D06 /* MusicCollection.swift in Sources */ = {isa = PBXBuildFile; fileRef = 798FE4331DDB67F300FF9D06 /* MusicCollection.swift */; };
/* End PBXBuildFile section */

/* Begin PBXCopyFilesBuildPhase section */
		798FE4191DD7F54F00FF9D06 /* CopyFiles */ = {
			isa = PBXCopyFilesBuildPhase;
			buildActionMask = 2147483647;
			dstPath = /usr/share/man/man1/;
			dstSubfolderSpec = 0;
			files = (
			);
			runOnlyForDeploymentPostprocessing = 1;
		};
/* End PBXCopyFilesBuildPhase section */

/* Begin PBXFileReference section */
		798FE41B1DD7F54F00FF9D06 /* command line */ = {isa = PBXFileReference; explicitFileType = "compiled.mach-o.executable"; includeInIndex = 0; path = "command line"; sourceTree = BUILT_PRODUCTS_DIR; };
		798FE41E1DD7F54F00FF9D06 /* main.swift */ = {isa = PBXFileReference; lastKnownFileType = sourcecode.swift; path = main.swift; sourceTree = "<group>"; };
		798FE42A1DD9CFC900FF9D06 /* command line */ = {isa = PBXFileReference; lastKnownFileType = folder; path = "command line"; sourceTree = "<group>"; };
		798FE42B1DD9CFEB00FF9D06 /* song.swift */ = {isa = PBXFileReference; fileEncoding = 4; lastKnownFileType = sourcecode.swift; name = song.swift; path = "command line/song.swift"; sourceTree = "<group>"; };
		798FE42F1DDA213500FF9D06 /* main.swift */ = {isa = PBXFileReference; fileEncoding = 4; lastKnownFileType = sourcecode.swift; name = main.swift; path = "command line/main.swift"; sourceTree = "<group>"; };
		798FE4311DDA214600FF9D06 /* playlist.swift */ = {isa = PBXFileReference; fileEncoding = 4; lastKnownFileType = sourcecode.swift; name = playlist.swift; path = "command line/playlist.swift"; sourceTree = "<group>"; };
		798FE4331DDB67F300FF9D06 /* MusicCollection.swift */ = {isa = PBXFileReference; fileEncoding = 4; lastKnownFileType = sourcecode.swift; name = MusicCollection.swift; path = "command line/MusicCollection.swift"; sourceTree = "<group>"; };
/* End PBXFileReference section */

/* Begin PBXFrameworksBuildPhase section */
		798FE4181DD7F54F00FF9D06 /* Frameworks */ = {
			isa = PBXFrameworksBuildPhase;
			buildActionMask = 2147483647;
			files = (
			);
			runOnlyForDeploymentPostprocessing = 0;
		};
/* End PBXFrameworksBuildPhase section */

/* Begin PBXGroup section */
		798FE4121DD7F54F00FF9D06 = {
			isa = PBXGroup;
			children = (
				798FE4331DDB67F300FF9D06 /* MusicCollection.swift */,
				798FE42B1DD9CFEB00FF9D06 /* song.swift */,
				798FE42F1DDA213500FF9D06 /* main.swift */,
				798FE4311DDA214600FF9D06 /* playlist.swift */,
				798FE42A1DD9CFC900FF9D06 /* command line */,
				798FE41D1DD7F54F00FF9D06 /* command line */,
				798FE41C1DD7F54F00FF9D06 /* Products */,
			);
			sourceTree = "<group>";
		};
		798FE41C1DD7F54F00FF9D06 /* Products */ = {
			isa = PBXGroup;
			children = (
				798FE41B1DD7F54F00FF9D06 /* command line */,
			);
			name = Products;
			sourceTree = "<group>";
		};
		798FE41D1DD7F54F00FF9D06 /* command line */ = {
			isa = PBXGroup;
			children = (
				798FE41E1DD7F54F00FF9D06 /* main.swift */,
			);
			path = "command line";
			sourceTree = "<group>";
		};
/* End PBXGroup section */

/* Begin PBXNativeTarget section */
		798FE41A1DD7F54F00FF9D06 /* command line */ = {
			isa = PBXNativeTarget;
			buildConfigurationList = 798FE4221DD7F54F00FF9D06 /* Build configuration list for PBXNativeTarget "command line" */;
			buildPhases = (
				798FE4171DD7F54F00FF9D06 /* Sources */,
				798FE4181DD7F54F00FF9D06 /* Frameworks */,
				798FE4191DD7F54F00FF9D06 /* CopyFiles */,
			);
			buildRules = (
			);
			dependencies = (
			);
			name = "command line";
			productName = "command line";
			productReference = 798FE41B1DD7F54F00FF9D06 /* command line */;
			productType = "com.apple.product-type.tool";
		};
/* End PBXNativeTarget section */

/* Begin PBXProject section */
		798FE4131DD7F54F00FF9D06 /* Project object */ = {
			isa = PBXProject;
			attributes = {
				LastSwiftUpdateCheck = 0810;
				LastUpgradeCheck = 0810;
				ORGANIZATIONNAME = "高昊";
				TargetAttributes = {
					798FE41A1DD7F54F00FF9D06 = {
						CreatedOnToolsVersion = 8.1;
						DevelopmentTeam = WGWG57UPY8;
						ProvisioningStyle = Automatic;
					};
				};
			};
			buildConfigurationList = 798FE4161DD7F54F00FF9D06 /* Build configuration list for PBXProject "command line" */;
			compatibilityVersion = "Xcode 3.2";
			developmentRegion = English;
			hasScannedForEncodings = 0;
			knownRegions = (
				en,
			);
			mainGroup = 798FE4121DD7F54F00FF9D06;
			productRefGroup = 798FE41C1DD7F54F00FF9D06 /* Products */;
			projectDirPath = "";
			projectRoot = "";
			targets = (
				798FE41A1DD7F54F00FF9D06 /* command line */,
			);
		};
/* End PBXProject section */

/* Begin PBXSourcesBuildPhase section */
		798FE4171DD7F54F00FF9D06 /* Sources */ = {
			isa = PBXSourcesBuildPhase;
			buildActionMask = 2147483647;
			files = (
				798FE41F1DD7F54F00FF9D06 /* main.swift in Sources */,
				798FE4341DDB67F400FF9D06 /* MusicCollection.swift in Sources */,
				798FE4301DDA213500FF9D06 /* main.swift in Sources */,
				798FE42C1DD9CFEB00FF9D06 /* song.swift in Sources */,
				798FE4321DDA214600FF9D06 /* playlist.swift in Sources */,
			);
			runOnlyForDeploymentPostprocessing = 0;
		};
/* End PBXSourcesBuildPhase section */

/* Begin XCBuildConfiguration section */
		798FE4201DD7F54F00FF9D06 /* Debug */ = {
			isa = XCBuildConfiguration;
			buildSettings = {
				ALWAYS_SEARCH_USER_PATHS = NO;
				CLANG_ANALYZER_NONNULL = YES;
				CLANG_CXX_LANGUAGE_STANDARD = "gnu++0x";
				CLANG_CXX_LIBRARY = "libc++";
				CLANG_ENABLE_MODULES = YES;
				CLANG_ENABLE_OBJC_ARC = YES;
				CLANG_WARN_BOOL_CONVERSION = YES;
				CLANG_WARN_CONSTANT_CONVERSION = YES;
				CLANG_WARN_DIRECT_OBJC_ISA_USAGE = YES_ERROR;
				CLANG_WARN_DOCUMENTATION_COMMENTS = YES;
				CLANG_WARN_EMPTY_BODY = YES;
				CLANG_WARN_ENUM_CONVERSION = YES;
				CLANG_WARN_INFINITE_RECURSION = YES;
				CLANG_WARN_INT_CONVERSION = YES;
				CLANG_WARN_OBJC_ROOT_CLASS = YES_ERROR;
				CLANG_WARN_SUSPICIOUS_MOVES = YES;
				CLANG_WARN_UNREACHABLE_CODE = YES;
				CLANG_WARN__DUPLICATE_METHOD_MATCH = YES;
				CODE_SIGN_IDENTITY = "-";
				COPY_PHASE_STRIP = NO;
				DEBUG_INFORMATION_FORMAT = dwarf;
				ENABLE_STRICT_OBJC_MSGSEND = YES;
				ENABLE_TESTABILITY = YES;
				GCC_C_LANGUAGE_STANDARD = gnu99;
				GCC_DYNAMIC_NO_PIC = NO;
				GCC_NO_COMMON_BLOCKS = YES;
				GCC_OPTIMIZATION_LEVEL = 0;
				GCC_PREPROCESSOR_DEFINITIONS = (
					"DEBUG=1",
					"$(inherited)",
				);
				GCC_WARN_64_TO_32_BIT_CONVERSION = YES;
				GCC_WARN_ABOUT_RETURN_TYPE = YES_ERROR;
				GCC_WARN_UNDECLARED_SELECTOR = YES;
				GCC_WARN_UNINITIALIZED_AUTOS = YES_AGGRESSIVE;
				GCC_WARN_UNUSED_FUNCTION = YES;
				GCC_WARN_UNUSED_VARIABLE = YES;
				MACOSX_DEPLOYMENT_TARGET = 10.12;
				MTL_ENABLE_DEBUG_INFO = YES;
				ONLY_ACTIVE_ARCH = YES;
				SDKROOT = macosx;
				SWIFT_OPTIMIZATION_LEVEL = "-Onone";
			};
			name = Debug;
		};
		798FE4211DD7F54F00FF9D06 /* Release */ = {
			isa = XCBuildConfiguration;
			buildSettings = {
				ALWAYS_SEARCH_USER_PATHS = NO;
				CLANG_ANALYZER_NONNULL = YES;
				CLANG_CXX_LANGUAGE_STANDARD = "gnu++0x";
				CLANG_CXX_LIBRARY = "libc++";
				CLANG_ENABLE_MODULES = YES;
				CLANG_ENABLE_OBJC_ARC = YES;
				CLANG_WARN_BOOL_CONVERSION = YES;
				CLANG_WARN_CONSTANT_CONVERSION = YES;
				CLANG_WARN_DIRECT_OBJC_ISA_USAGE = YES_ERROR;
				CLANG_WARN_DOCUMENTATION_COMMENTS = YES;
				CLANG_WARN_EMPTY_BODY = YES;
				CLANG_WARN_ENUM_CONVERSION = YES;
				CLANG_WARN_INFINITE_RECURSION = YES;
				CLANG_WARN_INT_CONVERSION = YES;
				CLANG_WARN_OBJC_ROOT_CLASS = YES_ERROR;
				CLANG_WARN_SUSPICIOUS_MOVES = YES;
				CLANG_WARN_UNREACHABLE_CODE = YES;
				CLANG_WARN__DUPLICATE_METHOD_MATCH = YES;
				CODE_SIGN_IDENTITY = "-";
				COPY_PHASE_STRIP = NO;
				DEBUG_INFORMATION_FORMAT = "dwarf-with-dsym";
				ENABLE_NS_ASSERTIONS = NO;
				ENABLE_STRICT_OBJC_MSGSEND = YES;
				GCC_C_LANGUAGE_STANDARD = gnu99;
				GCC_NO_COMMON_BLOCKS = YES;
				GCC_WARN_64_TO_32_BIT_CONVERSION = YES;
				GCC_WARN_ABOUT_RETURN_TYPE = YES_ERROR;
				GCC_WARN_UNDECLARED_SELECTOR = YES;
				GCC_WARN_UNINITIALIZED_AUTOS = YES_AGGRESSIVE;
				GCC_WARN_UNUSED_FUNCTION = YES;
				GCC_WARN_UNUSED_VARIABLE = YES;
				MACOSX_DEPLOYMENT_TARGET = 10.12;
				MTL_ENABLE_DEBUG_INFO = NO;
				SDKROOT = macosx;
			};
			name = Release;
		};
		798FE4231DD7F54F00FF9D06 /* Debug */ = {
			isa = XCBuildConfiguration;
			buildSettings = {
				DEVELOPMENT_TEAM = WGWG57UPY8;
				PRODUCT_NAME = "$(TARGET_NAME)";
				SWIFT_VERSION = 3.0;
			};
			name = Debug;
		};
		798FE4241DD7F54F00FF9D06 /* Release */ = {
			isa = XCBuildConfiguration;
			buildSettings = {
				DEVELOPMENT_TEAM = WGWG57UPY8;
				PRODUCT_NAME = "$(TARGET_NAME)";
				SWIFT_VERSION = 3.0;
			};
			name = Release;
		};
/* End XCBuildConfiguration section */

/* Begin XCConfigurationList section */
		798FE4161DD7F54F00FF9D06 /* Build configuration list for PBXProject "command line" */ = {
			isa = XCConfigurationList;
			buildConfigurations = (
				798FE4201DD7F54F00FF9D06 /* Debug */,
				798FE4211DD7F54F00FF9D06 /* Release */,
			);
			defaultConfigurationIsVisible = 0;
			defaultConfigurationName = Release;
		};
		798FE4221DD7F54F00FF9D06 /* Build configuration list for PBXNativeTarget "command line" */ = {
			isa = XCConfigurationList;
			buildConfigurations = (
				798FE4231DD7F54F00FF9D06 /* Debug */,
				798FE4241DD7F54F00FF9D06 /* Release */,
			);
			defaultConfigurationIsVisible = 0;
			defaultConfigurationName = Release;
		};
/* End XCConfigurationList section */
	};
	rootObject = 798FE4131DD7F54F00FF9D06 /* Project object */;
}
